{
  "version": 4,
  "terraform_version": "1.13.3",
  "serial": 269,
  "lineage": "69b8c150-2935-0851-6b3a-bb21fc7173f4",
  "outputs": {
    "jwt_secret_key": {
      "value": "ThisIsALongRandomSecretKeyForJWTAuth",
      "type": "string",
      "sensitive": true
    },
    "sql_admin_password": {
      "value": "MyStrongSQLPassword@2025!",
      "type": "string",
      "sensitive": true
    }
  },
  "resources": [
    {
      "mode": "managed",
      "type": "azurerm_resource_group",
      "name": "rg",
      "provider": "provider[\"registry.terraform.io/hashicorp/azurerm\"]",
      "instances": [
        {
          "schema_version": 0,
          "attributes": {
            "id": "/subscriptions/80646857-9142-494b-90c5-32fea6acbc41/resourceGroups/ecom-ftoon-devops-rg",
            "location": "eastus2",
            "managed_by": "",
            "name": "ecom-ftoon-devops-rg",
            "tags": null,
            "timeouts": null
          },
          "sensitive_attributes": [],
          "identity_schema_version": 0,
          "private": "eyJlMmJmYjczMC1lY2FhLTExZTYtOGY4OC0zNDM2M2JjN2M0YzAiOnsiY3JlYXRlIjo1NDAwMDAwMDAwMDAwLCJkZWxldGUiOjU0MDAwMDAwMDAwMDAsInJlYWQiOjMwMDAwMDAwMDAwMCwidXBkYXRlIjo1NDAwMDAwMDAwMDAwfX0="
        }
      ]
    }
  ],
  "check_results": null
}
